// !$*UTF8*$!
{
	archiveVersion = 1;
	classes = {
	};
	objectVersion = 46;
	objects = {

/* Begin PBXBuildFile section */
		474D053F1EB0C038001F1327 /* ConstraintsViewController.swift in Sources */ = {isa = PBXBuildFile; fileRef = 474D053E1EB0C038001F1327 /* ConstraintsViewController.swift */; };
		4768FD421EB88A9A00364466 /* Tools.swift in Sources */ = {isa = PBXBuildFile; fileRef = 4768FD411EB88A9A00364466 /* Tools.swift */; };
		4793D1371EAF83C7001A04AE /* AppDelegate.swift in Sources */ = {isa = PBXBuildFile; fileRef = 4793D1361EAF83C7001A04AE /* AppDelegate.swift */; };
		4793D1391EAF83C7001A04AE /* ViewController.swift in Sources */ = {isa = PBXBuildFile; fileRef = 4793D1381EAF83C7001A04AE /* ViewController.swift */; };
		4793D13C1EAF83C7001A04AE /* Main.storyboard in Resources */ = {isa = PBXBuildFile; fileRef = 4793D13A1EAF83C7001A04AE /* Main.storyboard */; };
		4793D13E1EAF83C7001A04AE /* Assets.xcassets in Resources */ = {isa = PBXBuildFile; fileRef = 4793D13D1EAF83C7001A04AE /* Assets.xcassets */; };
		4793D1411EAF83C7001A04AE /* LaunchScreen.storyboard in Resources */ = {isa = PBXBuildFile; fileRef = 4793D13F1EAF83C7001A04AE /* LaunchScreen.storyboard */; };
		47C93A2D1EB22E6100EE1E51 /* AnimationViewController.swift in Sources */ = {isa = PBXBuildFile; fileRef = 47C93A2C1EB22E6100EE1E51 /* AnimationViewController.swift */; };
		C4618910A7A04B4F930F1C78 /* Pods_DemoCartography.framework in Frameworks */ = {isa = PBXBuildFile; fileRef = 860C62165A1F2C54788DB243 /* Pods_DemoCartography.framework */; };
/* End PBXBuildFile section */

/* Begin PBXFileReference section */
		0105B1E6805E3CBCFFEAF348 /* Pods-DemoCartography.release.xcconfig */ = {isa = PBXFileReference; includeInIndex = 1; lastKnownFileType = text.xcconfig; name = "Pods-DemoCartography.release.xcconfig"; path = "Pods/Target Support Files/Pods-DemoCartography/Pods-DemoCartography.release.xcconfig"; sourceTree = "<group>"; };
		474D053E1EB0C038001F1327 /* ConstraintsViewController.swift */ = {isa = PBXFileReference; fileEncoding = 4; lastKnownFileType = sourcecode.swift; path = ConstraintsViewController.swift; sourceTree = "<group>"; };
		4768FD411EB88A9A00364466 /* Tools.swift */ = {isa = PBXFileReference; fileEncoding = 4; lastKnownFileType = sourcecode.swift; path = Tools.swift; sourceTree = "<group>"; };
		4793D1331EAF83C7001A04AE /* DemoCartography.app */ = {isa = PBXFileReference; explicitFileType = wrapper.application; includeInIndex = 0; path = DemoCartography.app; sourceTree = BUILT_PRODUCTS_DIR; };
		4793D1361EAF83C7001A04AE /* AppDelegate.swift */ = {isa = PBXFileReference; lastKnownFileType = sourcecode.swift; path = AppDelegate.swift; sourceTree = "<group>"; };
		4793D1381EAF83C7001A04AE /* ViewController.swift */ = {isa = PBXFileReference; lastKnownFileType = sourcecode.swift; path = ViewController.swift; sourceTree = "<group>"; };
		4793D13B1EAF83C7001A04AE /* Base */ = {isa = PBXFileReference; lastKnownFileType = file.storyboard; name = Base; path = Base.lproj/Main.storyboard; sourceTree = "<group>"; };
		4793D13D1EAF83C7001A04AE /* Assets.xcassets */ = {isa = PBXFileReference; lastKnownFileType = folder.assetcatalog; path = Assets.xcassets; sourceTree = "<group>"; };
		4793D1401EAF83C7001A04AE /* Base */ = {isa = PBXFileReference; lastKnownFileType = file.storyboard; name = Base; path = Base.lproj/LaunchScreen.storyboard; sourceTree = "<group>"; };
		4793D1421EAF83C7001A04AE /* Info.plist */ = {isa = PBXFileReference; lastKnownFileType = text.plist.xml; path = Info.plist; sourceTree = "<group>"; };
		47C93A2C1EB22E6100EE1E51 /* AnimationViewController.swift */ = {isa = PBXFileReference; fileEncoding = 4; lastKnownFileType = sourcecode.swift; path = AnimationViewController.swift; sourceTree = "<group>"; };
		860C62165A1F2C54788DB243 /* Pods_DemoCartography.framework */ = {isa = PBXFileReference; explicitFileType = wrapper.framework; includeInIndex = 0; path = Pods_DemoCartography.framework; sourceTree = BUILT_PRODUCTS_DIR; };
		DF73A9970D1B24DC65AE4FEF /* Pods-DemoCartography.debug.xcconfig */ = {isa = PBXFileReference; includeInIndex = 1; lastKnownFileType = text.xcconfig; name = "Pods-DemoCartography.debug.xcconfig"; path = "Pods/Target Support Files/Pods-DemoCartography/Pods-DemoCartography.debug.xcconfig"; sourceTree = "<group>"; };
/* End PBXFileReference section */

/* Begin PBXFrameworksBuildPhase section */
		4793D1301EAF83C7001A04AE /* Frameworks */ = {
			isa = PBXFrameworksBuildPhase;
			buildActionMask = 2147483647;
			files = (
				C4618910A7A04B4F930F1C78 /* Pods_DemoCartography.framework in Frameworks */,
			);
			runOnlyForDeploymentPostprocessing = 0;
		};
/* End PBXFrameworksBuildPhase section */

/* Begin PBXGroup section */
		4793D12A1EAF83C7001A04AE = {
			isa = PBXGroup;
			children = (
				4793D1351EAF83C7001A04AE /* DemoCartography */,
				4793D1341EAF83C7001A04AE /* Products */,
				FF962C125A220EC07B5CB3FC /* Pods */,
				645CF1390B7AF5A7D5037365 /* Frameworks */,
			);
			sourceTree = "<group>";
		};
		4793D1341EAF83C7001A04AE /* Products */ = {
			isa = PBXGroup;
			children = (
				4793D1331EAF83C7001A04AE /* DemoCartography.app */,
			);
			name = Products;
			sourceTree = "<group>";
		};
		4793D1351EAF83C7001A04AE /* DemoCartography */ = {
			isa = PBXGroup;
			children = (
				4793D1361EAF83C7001A04AE /* AppDelegate.swift */,
				4793D1381EAF83C7001A04AE /* ViewController.swift */,
				474D053E1EB0C038001F1327 /* ConstraintsViewController.swift */,
				47C93A2C1EB22E6100EE1E51 /* AnimationViewController.swift */,
				4768FD411EB88A9A00364466 /* Tools.swift */,
				4793D13A1EAF83C7001A04AE /* Main.storyboard */,
				4793D13D1EAF83C7001A04AE /* Assets.xcassets */,
				4793D13F1EAF83C7001A04AE /* LaunchScreen.storyboard */,
				4793D1421EAF83C7001A04AE /* Info.plist */,
			);
			path = DemoCartography;
			sourceTree = "<group>";
		};
		645CF1390B7AF5A7D5037365 /* Frameworks */ = {
			isa = PBXGroup;
			children = (
				860C62165A1F2C54788DB243 /* Pods_DemoCartography.framework */,
			);
			name = Frameworks;
			sourceTree = "<group>";
		};
		FF962C125A220EC07B5CB3FC /* Pods */ = {
			isa = PBXGroup;
			children = (
				DF73A9970D1B24DC65AE4FEF /* Pods-DemoCartography.debug.xcconfig */,
				0105B1E6805E3CBCFFEAF348 /* Pods-DemoCartography.release.xcconfig */,
			);
			name = Pods;
			sourceTree = "<group>";
		};
/* End PBXGroup section */

/* Begin PBXNativeTarget section */
		4793D1321EAF83C7001A04AE /* DemoCartography */ = {
			isa = PBXNativeTarget;
			buildConfigurationList = 4793D1451EAF83C7001A04AE /* Build configuration list for PBXNativeTarget "DemoCartography" */;
			buildPhases = (
				9C451ECE6E7813613BBE2DC4 /* [CP] Check Pods Manifest.lock */,
				4793D12F1EAF83C7001A04AE /* Sources */,
				4793D1301EAF83C7001A04AE /* Frameworks */,
				4793D1311EAF83C7001A04AE /* Resources */,
				A7C2C761C2D3AB9699E71D3E /* [CP] Embed Pods Frameworks */,
				8C1909F6F621796A43F2BD86 /* [CP] Copy Pods Resources */,
			);
			buildRules = (
			);
			dependencies = (
			);
			name = DemoCartography;
			productName = DemoCartography;
			productReference = 4793D1331EAF83C7001A04AE /* DemoCartography.app */;
			productType = "com.apple.product-type.application";
		};
/* End PBXNativeTarget section */

/* Begin PBXProject section */
		4793D12B1EAF83C7001A04AE /* Project object */ = {
			isa = PBXProject;
			attributes = {
				LastSwiftUpdateCheck = 0820;
				LastUpgradeCheck = 0820;
				ORGANIZATIONNAME = misa.organization;
				TargetAttributes = {
					4793D1321EAF83C7001A04AE = {
						CreatedOnToolsVersion = 8.2.1;
						ProvisioningStyle = Automatic;
					};
				};
			};
			buildConfigurationList = 4793D12E1EAF83C7001A04AE /* Build configuration list for PBXProject "DemoCartography" */;
			compatibilityVersion = "Xcode 3.2";
			developmentRegion = English;
			hasScannedForEncodings = 0;
			knownRegions = (
				en,
				Base,
			);
			mainGroup = 4793D12A1EAF83C7001A04AE;
			productRefGroup = 4793D1341EAF83C7001A04AE /* Products */;
			projectDirPath = "";
			projectRoot = "";
			targets = (
				4793D1321EAF83C7001A04AE /* DemoCartography */,
			);
		};
/* End PBXProject section */

/* Begin PBXResourcesBuildPhase section */
		4793D1311EAF83C7001A04AE /* Resources */ = {
			isa = PBXResourcesBuildPhase;
			buildActionMask = 2147483647;
			files = (
				4793D1411EAF83C7001A04AE /* LaunchScreen.storyboard in Resources */,
				4793D13E1EAF83C7001A04AE /* Assets.xcassets in Resources */,
				4793D13C1EAF83C7001A04AE /* Main.storyboard in Resources */,
			);
			runOnlyForDeploymentPostprocessing = 0;
		};
/* End PBXResourcesBuildPhase section */

/* Begin PBXShellScriptBuildPhase section */
		8C1909F6F621796A43F2BD86 /* [CP] Copy Pods Resources */ = {
			isa = PBXShellScriptBuildPhase;
			buildActionMask = 2147483647;
			files = (
			);
			inputPaths = (
			);
			name = "[CP] Copy Pods Resources";
			outputPaths = (
			);
			runOnlyForDeploymentPostprocessing = 0;
			shellPath = /bin/sh;
			shellScript = "\"${SRCROOT}/Pods/Target Support Files/Pods-DemoCartography/Pods-DemoCartography-resources.sh\"\n";
			showEnvVarsInLog = 0;
		};
		9C451ECE6E7813613BBE2DC4 /* [CP] Check Pods Manifest.lock */ = {
			isa = PBXShellScriptBuildPhase;
			buildActionMask = 2147483647;
			files = (
			);
			inputPaths = (
			);
			name = "[CP] Check Pods Manifest.lock";
			outputPaths = (
			);
			runOnlyForDeploymentPostprocessing = 0;
			shellPath = /bin/sh;
			shellScript = "diff \"${PODS_ROOT}/../Podfile.lock\" \"${PODS_ROOT}/Manifest.lock\" > /dev/null\nif [ $? != 0 ] ; then\n    # print error to STDERR\n    echo \"error: The sandbox is not in sync with the Podfile.lock. Run 'pod install' or update your CocoaPods installation.\" >&2\n    exit 1\nfi\n";
			showEnvVarsInLog = 0;
		};
		A7C2C761C2D3AB9699E71D3E /* [CP] Embed Pods Frameworks */ = {
			isa = PBXShellScriptBuildPhase;
			buildActionMask = 2147483647;
			files = (
			);
			inputPaths = (
			);
			name = "[CP] Embed Pods Frameworks";
			outputPaths = (
			);
			runOnlyForDeploymentPostprocessing = 0;
			shellPath = /bin/sh;
			shellScript = "\"${SRCROOT}/Pods/Target Support Files/Pods-DemoCartography/Pods-DemoCartography-frameworks.sh\"\n";
			showEnvVarsInLog = 0;
		};
/* End PBXShellScriptBuildPhase section */

/* Begin PBXSourcesBuildPhase section */
		4793D12F1EAF83C7001A04AE /* Sources */ = {
			isa = PBXSourcesBuildPhase;
			buildActionMask = 2147483647;
			files = (
				474D053F1EB0C038001F1327 /* ConstraintsViewController.swift in Sources */,
				47C93A2D1EB22E6100EE1E51 /* AnimationViewController.swift in Sources */,
				4793D1391EAF83C7001A04AE /* ViewController.swift in Sources */,
				4793D1371EAF83C7001A04AE /* AppDelegate.swift in Sources */,
				4768FD421EB88A9A00364466 /* Tools.swift in Sources */,
			);
			runOnlyForDeploymentPostprocessing = 0;
		};
/* End PBXSourcesBuildPhase section */

/* Begin PBXVariantGroup section */
		4793D13A1EAF83C7001A04AE /* Main.storyboard */ = {
			isa = PBXVariantGroup;
			children = (
				4793D13B1EAF83C7001A04AE /* Base */,
			);
			name = Main.storyboard;
			sourceTree = "<group>";
		};
		4793D13F1EAF83C7001A04AE /* LaunchScreen.storyboard */ = {
			isa = PBXVariantGroup;
			children = (
				4793D1401EAF83C7001A04AE /* Base */,
			);
			name = LaunchScreen.storyboard;
			sourceTree = "<group>";
		};
/* End PBXVariantGroup section */

/* Begin XCBuildConfiguration section */
		4793D1431EAF83C7001A04AE /* Debug */ = {
			isa = XCBuildConfiguration;
			buildSettings = {
				ALWAYS_SEARCH_USER_PATHS = NO;
				CLANG_ANALYZER_NONNULL = YES;
				CLANG_CXX_LANGUAGE_STANDARD = "gnu++0x";
				CLANG_CXX_LIBRARY = "libc++";
				CLANG_ENABLE_MODULES = YES;
				CLANG_ENABLE_OBJC_ARC = YES;
				CLANG_WARN_BOOL_CONVERSION = YES;
				CLANG_WARN_CONSTANT_CONVERSION = YES;
				CLANG_WARN_DIRECT_OBJC_ISA_USAGE = YES_ERROR;
				CLANG_WARN_DOCUMENTATION_COMMENTS = YES;
				CLANG_WARN_EMPTY_BODY = YES;
				CLANG_WARN_ENUM_CONVERSION = YES;
				CLANG_WARN_INFINITE_RECURSION = YES;
				CLANG_WARN_INT_CONVERSION = YES;
				CLANG_WARN_OBJC_ROOT_CLASS = YES_ERROR;
				CLANG_WARN_SUSPICIOUS_MOVE = YES;
				CLANG_WARN_UNREACHABLE_CODE = YES;
				CLANG_WARN__DUPLICATE_METHOD_MATCH = YES;
				"CODE_SIGN_IDENTITY[sdk=iphoneos*]" = "iPhone Developer";
				COPY_PHASE_STRIP = NO;
				DEBUG_INFORMATION_FORMAT = dwarf;
				ENABLE_STRICT_OBJC_MSGSEND = YES;
				ENABLE_TESTABILITY = YES;
				GCC_C_LANGUAGE_STANDARD = gnu99;
				GCC_DYNAMIC_NO_PIC = NO;
				GCC_NO_COMMON_BLOCKS = YES;
				GCC_OPTIMIZATION_LEVEL = 0;
				GCC_PREPROCESSOR_DEFINITIONS = (
					"DEBUG=1",
					"$(inherited)",
				);
				GCC_WARN_64_TO_32_BIT_CONVERSION = YES;
				GCC_WARN_ABOUT_RETURN_TYPE = YES_ERROR;
				GCC_WARN_UNDECLARED_SELECTOR = YES;
				GCC_WARN_UNINITIALIZED_AUTOS = YES_AGGRESSIVE;
				GCC_WARN_UNUSED_FUNCTION = YES;
				GCC_WARN_UNUSED_VARIABLE = YES;
				IPHONEOS_DEPLOYMENT_TARGET = 10.2;
				MTL_ENABLE_DEBUG_INFO = YES;
				ONLY_ACTIVE_ARCH = YES;
				SDKROOT = iphoneos;
				SWIFT_ACTIVE_COMPILATION_CONDITIONS = DEBUG;
				SWIFT_OPTIMIZATION_LEVEL = "-Onone";
			};
			name = Debug;
		};
		4793D1441EAF83C7001A04AE /* Release */ = {
			isa = XCBuildConfiguration;
			buildSettings = {
				ALWAYS_SEARCH_USER_PATHS = NO;
				CLANG_ANALYZER_NONNULL = YES;
				CLANG_CXX_LANGUAGE_STANDARD = "gnu++0x";
				CLANG_CXX_LIBRARY = "libc++";
				CLANG_ENABLE_MODULES = YES;
				CLANG_ENABLE_OBJC_ARC = YES;
				CLANG_WARN_BOOL_CONVERSION = YES;
				CLANG_WARN_CONSTANT_CONVERSION = YES;
				CLANG_WARN_DIRECT_OBJC_ISA_USAGE = YES_ERROR;
				CLANG_WARN_DOCUMENTATION_COMMENTS = YES;
				CLANG_WARN_EMPTY_BODY = YES;
				CLANG_WARN_ENUM_CONVERSION = YES;
				CLANG_WARN_INFINITE_RECURSION = YES;
				CLANG_WARN_INT_CONVERSION = YES;
				CLANG_WARN_OBJC_ROOT_CLASS = YES_ERROR;
				CLANG_WARN_SUSPICIOUS_MOVE = YES;
				CLANG_WARN_UNREACHABLE_CODE = YES;
				CLANG_WARN__DUPLICATE_METHOD_MATCH = YES;
				"CODE_SIGN_IDENTITY[sdk=iphoneos*]" = "iPhone Developer";
				COPY_PHASE_STRIP = NO;
				DEBUG_INFORMATION_FORMAT = "dwarf-with-dsym";
				ENABLE_NS_ASSERTIONS = NO;
				ENABLE_STRICT_OBJC_MSGSEND = YES;
				GCC_C_LANGUAGE_STANDARD = gnu99;
				GCC_NO_COMMON_BLOCKS = YES;
				GCC_WARN_64_TO_32_BIT_CONVERSION = YES;
				GCC_WARN_ABOUT_RETURN_TYPE = YES_ERROR;
				GCC_WARN_UNDECLARED_SELECTOR = YES;
				GCC_WARN_UNINITIALIZED_AUTOS = YES_AGGRESSIVE;
				GCC_WARN_UNUSED_FUNCTION = YES;
				GCC_WARN_UNUSED_VARIABLE = YES;
				IPHONEOS_DEPLOYMENT_TARGET = 10.2;
				MTL_ENABLE_DEBUG_INFO = NO;
				SDKROOT = iphoneos;
				SWIFT_OPTIMIZATION_LEVEL = "-Owholemodule";
				VALIDATE_PRODUCT = YES;
			};
			name = Release;
		};
		4793D1461EAF83C7001A04AE /* Debug */ = {
			isa = XCBuildConfiguration;
			baseConfigurationReference = DF73A9970D1B24DC65AE4FEF /* Pods-DemoCartography.debug.xcconfig */;
			buildSettings = {
				ASSETCATALOG_COMPILER_APPICON_NAME = AppIcon;
				INFOPLIST_FILE = DemoCartography/Info.plist;
				LD_RUNPATH_SEARCH_PATHS = "$(inherited) @executable_path/Frameworks";
				PRODUCT_BUNDLE_IDENTIFIER = misa.organization.DemoCartography;
				PRODUCT_NAME = "$(TARGET_NAME)";
				SWIFT_VERSION = 3.0;
			};
			name = Debug;
		};
		4793D1471EAF83C7001A04AE /* Release */ = {
			isa = XCBuildConfiguration;
			baseConfigurationReference = 0105B1E6805E3CBCFFEAF348 /* Pods-DemoCartography.release.xcconfig */;
			buildSettings = {
				ASSETCATALOG_COMPILER_APPICON_NAME = AppIcon;
				INFOPLIST_FILE = DemoCartography/Info.plist;
				LD_RUNPATH_SEARCH_PATHS = "$(inherited) @executable_path/Frameworks";
				PRODUCT_BUNDLE_IDENTIFIER = misa.organization.DemoCartography;
				PRODUCT_NAME = "$(TARGET_NAME)";
				SWIFT_VERSION = 3.0;
			};
			name = Release;
		};
/* End XCBuildConfiguration section */

/* Begin XCConfigurationList section */
		4793D12E1EAF83C7001A04AE /* Build configuration list for PBXProject "DemoCartography" */ = {
			isa = XCConfigurationList;
			buildConfigurations = (
				4793D1431EAF83C7001A04AE /* Debug */,
				4793D1441EAF83C7001A04AE /* Release */,
			);
			defaultConfigurationIsVisible = 0;
			defaultConfigurationName = Release;
		};
		4793D1451EAF83C7001A04AE /* Build configuration list for PBXNativeTarget "DemoCartography" */ = {
			isa = XCConfigurationList;
			buildConfigurations = (
				4793D1461EAF83C7001A04AE /* Debug */,
				4793D1471EAF83C7001A04AE /* Release */,
			);
			defaultConfigurationIsVisible = 0;
			defaultConfigurationName = Release;
		};
/* End XCConfigurationList section */
	};
	rootObject = 4793D12B1EAF83C7001A04AE /* Project object */;
}
